
Microsoft Visual Studio Solution File, Format Version 12.00
# Visual Studio 15
VisualStudioVersion = 15.0.27004.2005
MinimumVisualStudioVersion = 10.0.40219.1
Project("{9A19103F-16F7-4668-BE54-9A1E7A4F7556}") = "HRAnalytics.Domain", "HRAnalytics.Domain\HRAnalytics.Domain.csproj", "{FFEC548C-1998-4ACC-8BE7-0B7F55D0F5AD}"
EndProject
Project("{9A19103F-16F7-4668-BE54-9A1E7A4F7556}") = "HRAnalytics.Web", "HRAnalytics.Web\HRAnalytics.Web.csproj", "{A0A86990-4A94-4A20-A054-30552B9623E8}"
EndProject
Project("{9A19103F-16F7-4668-BE54-9A1E7A4F7556}") = "HRAnalytics.Data", "HRAnalytics.Data\HRAnalytics.Data.csproj", "{1027A9F4-22B5-42BA-8122-D48156177453}"
EndProject
Project("{FAE04EC0-301F-11D3-BF4B-00C04F79EFBC}") = "HRAnalitics.ConsoleService", "HRAnalitics.ConsoleService\HRAnalitics.ConsoleService.csproj", "{9E69C85C-E6DC-4871-84C3-804589131E14}"
EndProject
Global
	GlobalSection(SolutionConfigurationPlatforms) = preSolution
		Debug|Any CPU = Debug|Any CPU
		Release|Any CPU = Release|Any CPU
	EndGlobalSection
	GlobalSection(ProjectConfigurationPlatforms) = postSolution
		{FFEC548C-1998-4ACC-8BE7-0B7F55D0F5AD}.Debug|Any CPU.ActiveCfg = Debug|Any CPU
		{FFEC548C-1998-4ACC-8BE7-0B7F55D0F5AD}.Debug|Any CPU.Build.0 = Debug|Any CPU
		{FFEC548C-1998-4ACC-8BE7-0B7F55D0F5AD}.Release|Any CPU.ActiveCfg = Release|Any CPU
		{FFEC548C-1998-4ACC-8BE7-0B7F55D0F5AD}.Release|Any CPU.Build.0 = Release|Any CPU
		{A0A86990-4A94-4A20-A054-30552B9623E8}.Debug|Any CPU.ActiveCfg = Debug|Any CPU
		{A0A86990-4A94-4A20-A054-30552B9623E8}.Debug|Any CPU.Build.0 = Debug|Any CPU
		{A0A86990-4A94-4A20-A054-30552B9623E8}.Release|Any CPU.ActiveCfg = Release|Any CPU
		{A0A86990-4A94-4A20-A054-30552B9623E8}.Release|Any CPU.Build.0 = Release|Any CPU
		{1027A9F4-22B5-42BA-8122-D48156177453}.Debug|Any CPU.ActiveCfg = Debug|Any CPU
		{1027A9F4-22B5-42BA-8122-D48156177453}.Debug|Any CPU.Build.0 = Debug|Any CPU
		{1027A9F4-22B5-42BA-8122-D48156177453}.Release|Any CPU.ActiveCfg = Release|Any CPU
		{1027A9F4-22B5-42BA-8122-D48156177453}.Release|Any CPU.Build.0 = Release|Any CPU
		{9E69C85C-E6DC-4871-84C3-804589131E14}.Debug|Any CPU.ActiveCfg = Debug|Any CPU
		{9E69C85C-E6DC-4871-84C3-804589131E14}.Debug|Any CPU.Build.0 = Debug|Any CPU
		{9E69C85C-E6DC-4871-84C3-804589131E14}.Release|Any CPU.ActiveCfg = Release|Any CPU
		{9E69C85C-E6DC-4871-84C3-804589131E14}.Release|Any CPU.Build.0 = Release|Any CPU
	EndGlobalSection
	GlobalSection(SolutionProperties) = preSolution
		HideSolutionNode = FALSE
	EndGlobalSection
	GlobalSection(ExtensibilityGlobals) = postSolution
		SolutionGuid = {E6369FCD-9F78-403A-981F-5A575C3DEAE4}
	EndGlobalSection
EndGlobal
